
Microsoft Visual Studio Solution File, Format Version 12.00
# Visual Studio Version 17
VisualStudioVersion = 17.12.35527.113
MinimumVisualStudioVersion = 10.0.40219.1
Project("{FAE04EC0-301F-11D3-BF4B-00C04F79EFBC}") = "Business", "Business\Business.csproj", "{C73DDB3D-EE66-4D2A-95F3-E69BBB5845EA}"
EndProject
Project("{FAE04EC0-301F-11D3-BF4B-00C04F79EFBC}") = "Business.Tests", "Business.Tests\Business.Tests.csproj", "{9ADBE988-69D2-444E-BB9E-101D73E3963E}"
EndProject
Project("{FAE04EC0-301F-11D3-BF4B-00C04F79EFBC}") = "ConsoleApp", "ConsoleApp\ConsoleApp.csproj", "{86984377-EC60-4050-9EEB-D45DFDD8C257}"
EndProject
Project("{FAE04EC0-301F-11D3-BF4B-00C04F79EFBC}") = "MainApp", "MainApp\MainApp.csproj", "{FD683319-5033-4B09-8BED-ADF503057664}"
EndProject
Global
	GlobalSection(SolutionConfigurationPlatforms) = preSolution
		Debug|Any CPU = Debug|Any CPU
		Release|Any CPU = Release|Any CPU
	EndGlobalSection
	GlobalSection(ProjectConfigurationPlatforms) = postSolution
		{C73DDB3D-EE66-4D2A-95F3-E69BBB5845EA}.Debug|Any CPU.ActiveCfg = Debug|Any CPU
		{C73DDB3D-EE66-4D2A-95F3-E69BBB5845EA}.Debug|Any CPU.Build.0 = Debug|Any CPU
		{C73DDB3D-EE66-4D2A-95F3-E69BBB5845EA}.Release|Any CPU.ActiveCfg = Release|Any CPU
		{C73DDB3D-EE66-4D2A-95F3-E69BBB5845EA}.Release|Any CPU.Build.0 = Release|Any CPU
		{9ADBE988-69D2-444E-BB9E-101D73E3963E}.Debug|Any CPU.ActiveCfg = Debug|Any CPU
		{9ADBE988-69D2-444E-BB9E-101D73E3963E}.Debug|Any CPU.Build.0 = Debug|Any CPU
		{9ADBE988-69D2-444E-BB9E-101D73E3963E}.Release|Any CPU.ActiveCfg = Release|Any CPU
		{9ADBE988-69D2-444E-BB9E-101D73E3963E}.Release|Any CPU.Build.0 = Release|Any CPU
		{86984377-EC60-4050-9EEB-D45DFDD8C257}.Debug|Any CPU.ActiveCfg = Debug|Any CPU
		{86984377-EC60-4050-9EEB-D45DFDD8C257}.Debug|Any CPU.Build.0 = Debug|Any CPU
		{86984377-EC60-4050-9EEB-D45DFDD8C257}.Release|Any CPU.ActiveCfg = Release|Any CPU
		{86984377-EC60-4050-9EEB-D45DFDD8C257}.Release|Any CPU.Build.0 = Release|Any CPU
		{FD683319-5033-4B09-8BED-ADF503057664}.Debug|Any CPU.ActiveCfg = Debug|Any CPU
		{FD683319-5033-4B09-8BED-ADF503057664}.Debug|Any CPU.Build.0 = Debug|Any CPU
		{FD683319-5033-4B09-8BED-ADF503057664}.Release|Any CPU.ActiveCfg = Release|Any CPU
		{FD683319-5033-4B09-8BED-ADF503057664}.Release|Any CPU.Build.0 = Release|Any CPU
	EndGlobalSection
	GlobalSection(SolutionProperties) = preSolution
		HideSolutionNode = FALSE
	EndGlobalSection
EndGlobal
